// !$*UTF8*$!
{
	archiveVersion = 1;
	classes = {
	};
	objectVersion = 50;
	objects = {

/* Begin PBXBuildFile section */
		403A73402577D79100C6E1BD /* FlickrPhotosCollectionViewCell.swift in Sources */ = {isa = PBXBuildFile; fileRef = 403A733F2577D79100C6E1BD /* FlickrPhotosCollectionViewCell.swift */; };
		403A734D2577D80E00C6E1BD /* FlickrPhotosViewController.swift in Sources */ = {isa = PBXBuildFile; fileRef = 403A734C2577D80E00C6E1BD /* FlickrPhotosViewController.swift */; };
		4054EB9C2579186300089854 /* FlickrPhoto.swift in Sources */ = {isa = PBXBuildFile; fileRef = 4054EB9B2579186300089854 /* FlickrPhoto.swift */; };
		408A27C22576445000EFD64F /* AppDelegate.swift in Sources */ = {isa = PBXBuildFile; fileRef = 408A27C12576445000EFD64F /* AppDelegate.swift */; };
		408A27C42576445000EFD64F /* SceneDelegate.swift in Sources */ = {isa = PBXBuildFile; fileRef = 408A27C32576445000EFD64F /* SceneDelegate.swift */; };
		408A27C62576445100EFD64F /* MapViewController.swift in Sources */ = {isa = PBXBuildFile; fileRef = 408A27C52576445100EFD64F /* MapViewController.swift */; };
		408A27C92576445100EFD64F /* Main.storyboard in Resources */ = {isa = PBXBuildFile; fileRef = 408A27C72576445100EFD64F /* Main.storyboard */; };
		408A27CB2576446800EFD64F /* Assets.xcassets in Resources */ = {isa = PBXBuildFile; fileRef = 408A27CA2576446800EFD64F /* Assets.xcassets */; };
		408A27CE2576446800EFD64F /* LaunchScreen.storyboard in Resources */ = {isa = PBXBuildFile; fileRef = 408A27CC2576446800EFD64F /* LaunchScreen.storyboard */; };
		408A27D92576446C00EFD64F /* NearbyTests.swift in Sources */ = {isa = PBXBuildFile; fileRef = 408A27D82576446C00EFD64F /* NearbyTests.swift */; };
		408A27E42576446C00EFD64F /* NearbyUITests.swift in Sources */ = {isa = PBXBuildFile; fileRef = 408A27E32576446C00EFD64F /* NearbyUITests.swift */; };
		408A27FE257652E200EFD64F /* FlickrAPI.swift in Sources */ = {isa = PBXBuildFile; fileRef = 408A27FD257652E200EFD64F /* FlickrAPI.swift */; };
		408A280D2576E75600EFD64F /* Utilities.swift in Sources */ = {isa = PBXBuildFile; fileRef = 408A280C2576E75600EFD64F /* Utilities.swift */; };
		408A28122576E87600EFD64F /* PulseAnimation.swift in Sources */ = {isa = PBXBuildFile; fileRef = 408A28112576E87600EFD64F /* PulseAnimation.swift */; };
		408B6C03257C48BC007DAE00 /* PhotoCache.swift in Sources */ = {isa = PBXBuildFile; fileRef = 408B6C02257C48BC007DAE00 /* PhotoCache.swift */; };
		40FA1E04257CFDE800A463E0 /* PhotoModel.swift in Sources */ = {isa = PBXBuildFile; fileRef = 40FA1E03257CFDE800A463E0 /* PhotoModel.swift */; };
/* End PBXBuildFile section */

/* Begin PBXContainerItemProxy section */
		408A27D52576446B00EFD64F /* PBXContainerItemProxy */ = {
			isa = PBXContainerItemProxy;
			containerPortal = 408A27B62576445000EFD64F /* Project object */;
			proxyType = 1;
			remoteGlobalIDString = 408A27BD2576445000EFD64F;
			remoteInfo = Nearby;
		};
		408A27E02576446C00EFD64F /* PBXContainerItemProxy */ = {
			isa = PBXContainerItemProxy;
			containerPortal = 408A27B62576445000EFD64F /* Project object */;
			proxyType = 1;
			remoteGlobalIDString = 408A27BD2576445000EFD64F;
			remoteInfo = Nearby;
		};
/* End PBXContainerItemProxy section */

/* Begin PBXFileReference section */
		403A733F2577D79100C6E1BD /* FlickrPhotosCollectionViewCell.swift */ = {isa = PBXFileReference; lastKnownFileType = sourcecode.swift; path = FlickrPhotosCollectionViewCell.swift; sourceTree = "<group>"; };
		403A734C2577D80E00C6E1BD /* FlickrPhotosViewController.swift */ = {isa = PBXFileReference; lastKnownFileType = sourcecode.swift; path = FlickrPhotosViewController.swift; sourceTree = "<group>"; };
		4054EB9B2579186300089854 /* FlickrPhoto.swift */ = {isa = PBXFileReference; lastKnownFileType = sourcecode.swift; path = FlickrPhoto.swift; sourceTree = "<group>"; };
		408A27BE2576445000EFD64F /* Nearby.app */ = {isa = PBXFileReference; explicitFileType = wrapper.application; includeInIndex = 0; path = Nearby.app; sourceTree = BUILT_PRODUCTS_DIR; };
		408A27C12576445000EFD64F /* AppDelegate.swift */ = {isa = PBXFileReference; lastKnownFileType = sourcecode.swift; path = AppDelegate.swift; sourceTree = "<group>"; };
		408A27C32576445000EFD64F /* SceneDelegate.swift */ = {isa = PBXFileReference; lastKnownFileType = sourcecode.swift; path = SceneDelegate.swift; sourceTree = "<group>"; };
		408A27C52576445100EFD64F /* MapViewController.swift */ = {isa = PBXFileReference; lastKnownFileType = sourcecode.swift; path = MapViewController.swift; sourceTree = "<group>"; };
		408A27C82576445100EFD64F /* Base */ = {isa = PBXFileReference; lastKnownFileType = file.storyboard; name = Base; path = Base.lproj/Main.storyboard; sourceTree = "<group>"; };
		408A27CA2576446800EFD64F /* Assets.xcassets */ = {isa = PBXFileReference; lastKnownFileType = folder.assetcatalog; path = Assets.xcassets; sourceTree = "<group>"; };
		408A27CD2576446800EFD64F /* Base */ = {isa = PBXFileReference; lastKnownFileType = file.storyboard; name = Base; path = Base.lproj/LaunchScreen.storyboard; sourceTree = "<group>"; };
		408A27CF2576446800EFD64F /* Info.plist */ = {isa = PBXFileReference; lastKnownFileType = text.plist.xml; path = Info.plist; sourceTree = "<group>"; };
		408A27D42576446B00EFD64F /* NearbyTests.xctest */ = {isa = PBXFileReference; explicitFileType = wrapper.cfbundle; includeInIndex = 0; path = NearbyTests.xctest; sourceTree = BUILT_PRODUCTS_DIR; };
		408A27D82576446C00EFD64F /* NearbyTests.swift */ = {isa = PBXFileReference; lastKnownFileType = sourcecode.swift; path = NearbyTests.swift; sourceTree = "<group>"; };
		408A27DA2576446C00EFD64F /* Info.plist */ = {isa = PBXFileReference; lastKnownFileType = text.plist.xml; path = Info.plist; sourceTree = "<group>"; };
		408A27DF2576446C00EFD64F /* NearbyUITests.xctest */ = {isa = PBXFileReference; explicitFileType = wrapper.cfbundle; includeInIndex = 0; path = NearbyUITests.xctest; sourceTree = BUILT_PRODUCTS_DIR; };
		408A27E32576446C00EFD64F /* NearbyUITests.swift */ = {isa = PBXFileReference; lastKnownFileType = sourcecode.swift; path = NearbyUITests.swift; sourceTree = "<group>"; };
		408A27E52576446C00EFD64F /* Info.plist */ = {isa = PBXFileReference; lastKnownFileType = text.plist.xml; path = Info.plist; sourceTree = "<group>"; };
		408A27FD257652E200EFD64F /* FlickrAPI.swift */ = {isa = PBXFileReference; lastKnownFileType = sourcecode.swift; path = FlickrAPI.swift; sourceTree = "<group>"; };
		408A280C2576E75600EFD64F /* Utilities.swift */ = {isa = PBXFileReference; fileEncoding = 4; lastKnownFileType = sourcecode.swift; path = Utilities.swift; sourceTree = "<group>"; };
		408A28112576E87600EFD64F /* PulseAnimation.swift */ = {isa = PBXFileReference; lastKnownFileType = sourcecode.swift; path = PulseAnimation.swift; sourceTree = "<group>"; };
		408B6C02257C48BC007DAE00 /* PhotoCache.swift */ = {isa = PBXFileReference; lastKnownFileType = sourcecode.swift; path = PhotoCache.swift; sourceTree = "<group>"; };
		40FA1E03257CFDE800A463E0 /* PhotoModel.swift */ = {isa = PBXFileReference; lastKnownFileType = sourcecode.swift; path = PhotoModel.swift; sourceTree = "<group>"; };
/* End PBXFileReference section */

/* Begin PBXFrameworksBuildPhase section */
		408A27BB2576445000EFD64F /* Frameworks */ = {
			isa = PBXFrameworksBuildPhase;
			buildActionMask = 2147483647;
			files = (
			);
			runOnlyForDeploymentPostprocessing = 0;
		};
		408A27D12576446B00EFD64F /* Frameworks */ = {
			isa = PBXFrameworksBuildPhase;
			buildActionMask = 2147483647;
			files = (
			);
			runOnlyForDeploymentPostprocessing = 0;
		};
		408A27DC2576446C00EFD64F /* Frameworks */ = {
			isa = PBXFrameworksBuildPhase;
			buildActionMask = 2147483647;
			files = (
			);
			runOnlyForDeploymentPostprocessing = 0;
		};
/* End PBXFrameworksBuildPhase section */

/* Begin PBXGroup section */
		408A27B52576444F00EFD64F = {
			isa = PBXGroup;
			children = (
				408A27C02576445000EFD64F /* Nearby */,
				408A27D72576446C00EFD64F /* NearbyTests */,
				408A27E22576446C00EFD64F /* NearbyUITests */,
				408A27BF2576445000EFD64F /* Products */,
			);
			sourceTree = "<group>";
		};
		408A27BF2576445000EFD64F /* Products */ = {
			isa = PBXGroup;
			children = (
				408A27BE2576445000EFD64F /* Nearby.app */,
				408A27D42576446B00EFD64F /* NearbyTests.xctest */,
				408A27DF2576446C00EFD64F /* NearbyUITests.xctest */,
			);
			name = Products;
			sourceTree = "<group>";
		};
		408A27C02576445000EFD64F /* Nearby */ = {
			isa = PBXGroup;
			children = (
				408A27F72576508300EFD64F /* Model */,
				408A27FB2576509B00EFD64F /* View */,
				408A27FC2576523900EFD64F /* Controller */,
				408A27C12576445000EFD64F /* AppDelegate.swift */,
				408A27C32576445000EFD64F /* SceneDelegate.swift */,
				408A27CA2576446800EFD64F /* Assets.xcassets */,
				408A27CC2576446800EFD64F /* LaunchScreen.storyboard */,
				408A27CF2576446800EFD64F /* Info.plist */,
				408A280B2576E75600EFD64F /* Helpers */,
			);
			path = Nearby;
			sourceTree = "<group>";
		};
		408A27D72576446C00EFD64F /* NearbyTests */ = {
			isa = PBXGroup;
			children = (
				408A27D82576446C00EFD64F /* NearbyTests.swift */,
				408A27DA2576446C00EFD64F /* Info.plist */,
			);
			path = NearbyTests;
			sourceTree = "<group>";
		};
		408A27E22576446C00EFD64F /* NearbyUITests */ = {
			isa = PBXGroup;
			children = (
				408A27E32576446C00EFD64F /* NearbyUITests.swift */,
				408A27E52576446C00EFD64F /* Info.plist */,
			);
			path = NearbyUITests;
			sourceTree = "<group>";
		};
		408A27F72576508300EFD64F /* Model */ = {
			isa = PBXGroup;
			children = (
				4054EB9B2579186300089854 /* FlickrPhoto.swift */,
				408A27FD257652E200EFD64F /* FlickrAPI.swift */,
				40FA1E03257CFDE800A463E0 /* PhotoModel.swift */,
				408B6C02257C48BC007DAE00 /* PhotoCache.swift */,
				408A28112576E87600EFD64F /* PulseAnimation.swift */,
			);
			path = Model;
			sourceTree = "<group>";
		};
		408A27FB2576509B00EFD64F /* View */ = {
			isa = PBXGroup;
			children = (
				408A27C72576445100EFD64F /* Main.storyboard */,
				403A733F2577D79100C6E1BD /* FlickrPhotosCollectionViewCell.swift */,
			);
			path = View;
			sourceTree = "<group>";
		};
		408A27FC2576523900EFD64F /* Controller */ = {
			isa = PBXGroup;
			children = (
				408A27C52576445100EFD64F /* MapViewController.swift */,
				403A734C2577D80E00C6E1BD /* FlickrPhotosViewController.swift */,
			);
			path = Controller;
			sourceTree = "<group>";
		};
		408A280B2576E75600EFD64F /* Helpers */ = {
			isa = PBXGroup;
			children = (
				408A280C2576E75600EFD64F /* Utilities.swift */,
			);
			path = Helpers;
			sourceTree = "<group>";
		};
/* End PBXGroup section */

/* Begin PBXNativeTarget section */
		408A27BD2576445000EFD64F /* Nearby */ = {
			isa = PBXNativeTarget;
			buildConfigurationList = 408A27E82576446C00EFD64F /* Build configuration list for PBXNativeTarget "Nearby" */;
			buildPhases = (
				408A27BA2576445000EFD64F /* Sources */,
				408A27BB2576445000EFD64F /* Frameworks */,
				408A27BC2576445000EFD64F /* Resources */,
			);
			buildRules = (
			);
			dependencies = (
			);
			name = Nearby;
			productName = Nearby;
			productReference = 408A27BE2576445000EFD64F /* Nearby.app */;
			productType = "com.apple.product-type.application";
		};
		408A27D32576446B00EFD64F /* NearbyTests */ = {
			isa = PBXNativeTarget;
			buildConfigurationList = 408A27EB2576446C00EFD64F /* Build configuration list for PBXNativeTarget "NearbyTests" */;
			buildPhases = (
				408A27D02576446B00EFD64F /* Sources */,
				408A27D12576446B00EFD64F /* Frameworks */,
				408A27D22576446B00EFD64F /* Resources */,
			);
			buildRules = (
			);
			dependencies = (
				408A27D62576446B00EFD64F /* PBXTargetDependency */,
			);
			name = NearbyTests;
			productName = NearbyTests;
			productReference = 408A27D42576446B00EFD64F /* NearbyTests.xctest */;
			productType = "com.apple.product-type.bundle.unit-test";
		};
		408A27DE2576446C00EFD64F /* NearbyUITests */ = {
			isa = PBXNativeTarget;
			buildConfigurationList = 408A27EE2576446C00EFD64F /* Build configuration list for PBXNativeTarget "NearbyUITests" */;
			buildPhases = (
				408A27DB2576446C00EFD64F /* Sources */,
				408A27DC2576446C00EFD64F /* Frameworks */,
				408A27DD2576446C00EFD64F /* Resources */,
			);
			buildRules = (
			);
			dependencies = (
				408A27E12576446C00EFD64F /* PBXTargetDependency */,
			);
			name = NearbyUITests;
			productName = NearbyUITests;
			productReference = 408A27DF2576446C00EFD64F /* NearbyUITests.xctest */;
			productType = "com.apple.product-type.bundle.ui-testing";
		};
/* End PBXNativeTarget section */

/* Begin PBXProject section */
		408A27B62576445000EFD64F /* Project object */ = {
			isa = PBXProject;
			attributes = {
				LastSwiftUpdateCheck = 1220;
				LastUpgradeCheck = 1220;
				TargetAttributes = {
					408A27BD2576445000EFD64F = {
						CreatedOnToolsVersion = 12.2;
					};
					408A27D32576446B00EFD64F = {
						CreatedOnToolsVersion = 12.2;
						TestTargetID = 408A27BD2576445000EFD64F;
					};
					408A27DE2576446C00EFD64F = {
						CreatedOnToolsVersion = 12.2;
						TestTargetID = 408A27BD2576445000EFD64F;
					};
				};
			};
			buildConfigurationList = 408A27B92576445000EFD64F /* Build configuration list for PBXProject "Nearby" */;
			compatibilityVersion = "Xcode 9.3";
			developmentRegion = en;
			hasScannedForEncodings = 0;
			knownRegions = (
				en,
				Base,
			);
			mainGroup = 408A27B52576444F00EFD64F;
			productRefGroup = 408A27BF2576445000EFD64F /* Products */;
			projectDirPath = "";
			projectRoot = "";
			targets = (
				408A27BD2576445000EFD64F /* Nearby */,
				408A27D32576446B00EFD64F /* NearbyTests */,
				408A27DE2576446C00EFD64F /* NearbyUITests */,
			);
		};
/* End PBXProject section */

/* Begin PBXResourcesBuildPhase section */
		408A27BC2576445000EFD64F /* Resources */ = {
			isa = PBXResourcesBuildPhase;
			buildActionMask = 2147483647;
			files = (
				408A27CE2576446800EFD64F /* LaunchScreen.storyboard in Resources */,
				408A27CB2576446800EFD64F /* Assets.xcassets in Resources */,
				408A27C92576445100EFD64F /* Main.storyboard in Resources */,
			);
			runOnlyForDeploymentPostprocessing = 0;
		};
		408A27D22576446B00EFD64F /* Resources */ = {
			isa = PBXResourcesBuildPhase;
			buildActionMask = 2147483647;
			files = (
			);
			runOnlyForDeploymentPostprocessing = 0;
		};
		408A27DD2576446C00EFD64F /* Resources */ = {
			isa = PBXResourcesBuildPhase;
			buildActionMask = 2147483647;
			files = (
			);
			runOnlyForDeploymentPostprocessing = 0;
		};
/* End PBXResourcesBuildPhase section */

/* Begin PBXSourcesBuildPhase section */
		408A27BA2576445000EFD64F /* Sources */ = {
			isa = PBXSourcesBuildPhase;
			buildActionMask = 2147483647;
			files = (
				408A27C62576445100EFD64F /* MapViewController.swift in Sources */,
				408A27FE257652E200EFD64F /* FlickrAPI.swift in Sources */,
				408A27C22576445000EFD64F /* AppDelegate.swift in Sources */,
				408A280D2576E75600EFD64F /* Utilities.swift in Sources */,
				4054EB9C2579186300089854 /* FlickrPhoto.swift in Sources */,
				403A734D2577D80E00C6E1BD /* FlickrPhotosViewController.swift in Sources */,
				403A73402577D79100C6E1BD /* FlickrPhotosCollectionViewCell.swift in Sources */,
				408B6C03257C48BC007DAE00 /* PhotoCache.swift in Sources */,
				408A28122576E87600EFD64F /* PulseAnimation.swift in Sources */,
				40FA1E04257CFDE800A463E0 /* PhotoModel.swift in Sources */,
				408A27C42576445000EFD64F /* SceneDelegate.swift in Sources */,
			);
			runOnlyForDeploymentPostprocessing = 0;
		};
		408A27D02576446B00EFD64F /* Sources */ = {
			isa = PBXSourcesBuildPhase;
			buildActionMask = 2147483647;
			files = (
				408A27D92576446C00EFD64F /* NearbyTests.swift in Sources */,
			);
			runOnlyForDeploymentPostprocessing = 0;
		};
		408A27DB2576446C00EFD64F /* Sources */ = {
			isa = PBXSourcesBuildPhase;
			buildActionMask = 2147483647;
			files = (
				408A27E42576446C00EFD64F /* NearbyUITests.swift in Sources */,
			);
			runOnlyForDeploymentPostprocessing = 0;
		};
/* End PBXSourcesBuildPhase section */

/* Begin PBXTargetDependency section */
		408A27D62576446B00EFD64F /* PBXTargetDependency */ = {
			isa = PBXTargetDependency;
			target = 408A27BD2576445000EFD64F /* Nearby */;
			targetProxy = 408A27D52576446B00EFD64F /* PBXContainerItemProxy */;
		};
		408A27E12576446C00EFD64F /* PBXTargetDependency */ = {
			isa = PBXTargetDependency;
			target = 408A27BD2576445000EFD64F /* Nearby */;
			targetProxy = 408A27E02576446C00EFD64F /* PBXContainerItemProxy */;
		};
/* End PBXTargetDependency section */

/* Begin PBXVariantGroup section */
		408A27C72576445100EFD64F /* Main.storyboard */ = {
			isa = PBXVariantGroup;
			children = (
				408A27C82576445100EFD64F /* Base */,
			);
			name = Main.storyboard;
			sourceTree = "<group>";
		};
		408A27CC2576446800EFD64F /* LaunchScreen.storyboard */ = {
			isa = PBXVariantGroup;
			children = (
				408A27CD2576446800EFD64F /* Base */,
			);
			name = LaunchScreen.storyboard;
			sourceTree = "<group>";
		};
/* End PBXVariantGroup section */

/* Begin XCBuildConfiguration section */
		408A27E62576446C00EFD64F /* Debug */ = {
			isa = XCBuildConfiguration;
			buildSettings = {
				ALWAYS_SEARCH_USER_PATHS = NO;
				CLANG_ANALYZER_NONNULL = YES;
				CLANG_ANALYZER_NUMBER_OBJECT_CONVERSION = YES_AGGRESSIVE;
				CLANG_CXX_LANGUAGE_STANDARD = "gnu++14";
				CLANG_CXX_LIBRARY = "libc++";
				CLANG_ENABLE_MODULES = YES;
				CLANG_ENABLE_OBJC_ARC = YES;
				CLANG_ENABLE_OBJC_WEAK = YES;
				CLANG_WARN_BLOCK_CAPTURE_AUTORELEASING = YES;
				CLANG_WARN_BOOL_CONVERSION = YES;
				CLANG_WARN_COMMA = YES;
				CLANG_WARN_CONSTANT_CONVERSION = YES;
				CLANG_WARN_DEPRECATED_OBJC_IMPLEMENTATIONS = YES;
				CLANG_WARN_DIRECT_OBJC_ISA_USAGE = YES_ERROR;
				CLANG_WARN_DOCUMENTATION_COMMENTS = YES;
				CLANG_WARN_EMPTY_BODY = YES;
				CLANG_WARN_ENUM_CONVERSION = YES;
				CLANG_WARN_INFINITE_RECURSION = YES;
				CLANG_WARN_INT_CONVERSION = YES;
				CLANG_WARN_NON_LITERAL_NULL_CONVERSION = YES;
				CLANG_WARN_OBJC_IMPLICIT_RETAIN_SELF = YES;
				CLANG_WARN_OBJC_LITERAL_CONVERSION = YES;
				CLANG_WARN_OBJC_ROOT_CLASS = YES_ERROR;
				CLANG_WARN_QUOTED_INCLUDE_IN_FRAMEWORK_HEADER = YES;
				CLANG_WARN_RANGE_LOOP_ANALYSIS = YES;
				CLANG_WARN_STRICT_PROTOTYPES = YES;
				CLANG_WARN_SUSPICIOUS_MOVE = YES;
				CLANG_WARN_UNGUARDED_AVAILABILITY = YES_AGGRESSIVE;
				CLANG_WARN_UNREACHABLE_CODE = YES;
				CLANG_WARN__DUPLICATE_METHOD_MATCH = YES;
				COPY_PHASE_STRIP = NO;
				DEBUG_INFORMATION_FORMAT = dwarf;
				ENABLE_STRICT_OBJC_MSGSEND = YES;
				ENABLE_TESTABILITY = YES;
				GCC_C_LANGUAGE_STANDARD = gnu11;
				GCC_DYNAMIC_NO_PIC = NO;
				GCC_NO_COMMON_BLOCKS = YES;
				GCC_OPTIMIZATION_LEVEL = 0;
				GCC_PREPROCESSOR_DEFINITIONS = (
					"DEBUG=1",
					"$(inherited)",
				);
				GCC_WARN_64_TO_32_BIT_CONVERSION = YES;
				GCC_WARN_ABOUT_RETURN_TYPE = YES_ERROR;
				GCC_WARN_UNDECLARED_SELECTOR = YES;
				GCC_WARN_UNINITIALIZED_AUTOS = YES_AGGRESSIVE;
				GCC_WARN_UNUSED_FUNCTION = YES;
				GCC_WARN_UNUSED_VARIABLE = YES;
				IPHONEOS_DEPLOYMENT_TARGET = 14.2;
				MTL_ENABLE_DEBUG_INFO = INCLUDE_SOURCE;
				MTL_FAST_MATH = YES;
				ONLY_ACTIVE_ARCH = YES;
				SDKROOT = iphoneos;
				SWIFT_ACTIVE_COMPILATION_CONDITIONS = DEBUG;
				SWIFT_OPTIMIZATION_LEVEL = "-Onone";
			};
			name = Debug;
		};
		408A27E72576446C00EFD64F /* Release */ = {
			isa = XCBuildConfiguration;
			buildSettings = {
				ALWAYS_SEARCH_USER_PATHS = NO;
				CLANG_ANALYZER_NONNULL = YES;
				CLANG_ANALYZER_NUMBER_OBJECT_CONVERSION = YES_AGGRESSIVE;
				CLANG_CXX_LANGUAGE_STANDARD = "gnu++14";
				CLANG_CXX_LIBRARY = "libc++";
				CLANG_ENABLE_MODULES = YES;
				CLANG_ENABLE_OBJC_ARC = YES;
				CLANG_ENABLE_OBJC_WEAK = YES;
				CLANG_WARN_BLOCK_CAPTURE_AUTORELEASING = YES;
				CLANG_WARN_BOOL_CONVERSION = YES;
				CLANG_WARN_COMMA = YES;
				CLANG_WARN_CONSTANT_CONVERSION = YES;
				CLANG_WARN_DEPRECATED_OBJC_IMPLEMENTATIONS = YES;
				CLANG_WARN_DIRECT_OBJC_ISA_USAGE = YES_ERROR;
				CLANG_WARN_DOCUMENTATION_COMMENTS = YES;
				CLANG_WARN_EMPTY_BODY = YES;
				CLANG_WARN_ENUM_CONVERSION = YES;
				CLANG_WARN_INFINITE_RECURSION = YES;
				CLANG_WARN_INT_CONVERSION = YES;
				CLANG_WARN_NON_LITERAL_NULL_CONVERSION = YES;
				CLANG_WARN_OBJC_IMPLICIT_RETAIN_SELF = YES;
				CLANG_WARN_OBJC_LITERAL_CONVERSION = YES;
				CLANG_WARN_OBJC_ROOT_CLASS = YES_ERROR;
				CLANG_WARN_QUOTED_INCLUDE_IN_FRAMEWORK_HEADER = YES;
				CLANG_WARN_RANGE_LOOP_ANALYSIS = YES;
				CLANG_WARN_STRICT_PROTOTYPES = YES;
				CLANG_WARN_SUSPICIOUS_MOVE = YES;
				CLANG_WARN_UNGUARDED_AVAILABILITY = YES_AGGRESSIVE;
				CLANG_WARN_UNREACHABLE_CODE = YES;
				CLANG_WARN__DUPLICATE_METHOD_MATCH = YES;
				COPY_PHASE_STRIP = NO;
				DEBUG_INFORMATION_FORMAT = "dwarf-with-dsym";
				ENABLE_NS_ASSERTIONS = NO;
				ENABLE_STRICT_OBJC_MSGSEND = YES;
				GCC_C_LANGUAGE_STANDARD = gnu11;
				GCC_NO_COMMON_BLOCKS = YES;
				GCC_WARN_64_TO_32_BIT_CONVERSION = YES;
				GCC_WARN_ABOUT_RETURN_TYPE = YES_ERROR;
				GCC_WARN_UNDECLARED_SELECTOR = YES;
				GCC_WARN_UNINITIALIZED_AUTOS = YES_AGGRESSIVE;
				GCC_WARN_UNUSED_FUNCTION = YES;
				GCC_WARN_UNUSED_VARIABLE = YES;
				IPHONEOS_DEPLOYMENT_TARGET = 14.2;
				MTL_ENABLE_DEBUG_INFO = NO;
				MTL_FAST_MATH = YES;
				SDKROOT = iphoneos;
				SWIFT_COMPILATION_MODE = wholemodule;
				SWIFT_OPTIMIZATION_LEVEL = "-O";
				VALIDATE_PRODUCT = YES;
			};
			name = Release;
		};
		408A27E92576446C00EFD64F /* Debug */ = {
			isa = XCBuildConfiguration;
			buildSettings = {
				ASSETCATALOG_COMPILER_APPICON_NAME = AppIcon;
				ASSETCATALOG_COMPILER_GLOBAL_ACCENT_COLOR_NAME = AccentColor;
				CODE_SIGN_STYLE = Automatic;
				DEVELOPMENT_TEAM = NUK83GHVRZ;
				INFOPLIST_FILE = Nearby/Info.plist;
				LD_RUNPATH_SEARCH_PATHS = (
					"$(inherited)",
					"@executable_path/Frameworks",
				);
				PRODUCT_BUNDLE_IDENTIFIER = com.DuaaMahya.Nearby;
				PRODUCT_NAME = "$(TARGET_NAME)";
				SWIFT_VERSION = 5.0;
				TARGETED_DEVICE_FAMILY = "1,2";
			};
			name = Debug;
		};
		408A27EA2576446C00EFD64F /* Release */ = {
			isa = XCBuildConfiguration;
			buildSettings = {
				ASSETCATALOG_COMPILER_APPICON_NAME = AppIcon;
				ASSETCATALOG_COMPILER_GLOBAL_ACCENT_COLOR_NAME = AccentColor;
				CODE_SIGN_STYLE = Automatic;
				DEVELOPMENT_TEAM = NUK83GHVRZ;
				INFOPLIST_FILE = Nearby/Info.plist;
				LD_RUNPATH_SEARCH_PATHS = (
					"$(inherited)",
					"@executable_path/Frameworks",
				);
				PRODUCT_BUNDLE_IDENTIFIER = com.DuaaMahya.Nearby;
				PRODUCT_NAME = "$(TARGET_NAME)";
				SWIFT_VERSION = 5.0;
				TARGETED_DEVICE_FAMILY = "1,2";
			};
			name = Release;
		};
		408A27EC2576446C00EFD64F /* Debug */ = {
			isa = XCBuildConfiguration;
			buildSettings = {
				ALWAYS_EMBED_SWIFT_STANDARD_LIBRARIES = YES;
				BUNDLE_LOADER = "$(TEST_HOST)";
				CODE_SIGN_STYLE = Automatic;
				DEVELOPMENT_TEAM = NUK83GHVRZ;
				INFOPLIST_FILE = NearbyTests/Info.plist;
				IPHONEOS_DEPLOYMENT_TARGET = 14.2;
				LD_RUNPATH_SEARCH_PATHS = (
					"$(inherited)",
					"@executable_path/Frameworks",
					"@loader_path/Frameworks",
				);
				PRODUCT_BUNDLE_IDENTIFIER = com.DuaaMahya.NearbyTests;
				PRODUCT_NAME = "$(TARGET_NAME)";
				SWIFT_VERSION = 5.0;
				TARGETED_DEVICE_FAMILY = "1,2";
				TEST_HOST = "$(BUILT_PRODUCTS_DIR)/Nearby.app/Nearby";
			};
			name = Debug;
		};
		408A27ED2576446C00EFD64F /* Release */ = {
			isa = XCBuildConfiguration;
			buildSettings = {
				ALWAYS_EMBED_SWIFT_STANDARD_LIBRARIES = YES;
				BUNDLE_LOADER = "$(TEST_HOST)";
				CODE_SIGN_STYLE = Automatic;
				DEVELOPMENT_TEAM = NUK83GHVRZ;
				INFOPLIST_FILE = NearbyTests/Info.plist;
				IPHONEOS_DEPLOYMENT_TARGET = 14.2;
				LD_RUNPATH_SEARCH_PATHS = (
					"$(inherited)",
					"@executable_path/Frameworks",
					"@loader_path/Frameworks",
				);
				PRODUCT_BUNDLE_IDENTIFIER = com.DuaaMahya.NearbyTests;
				PRODUCT_NAME = "$(TARGET_NAME)";
				SWIFT_VERSION = 5.0;
				TARGETED_DEVICE_FAMILY = "1,2";
				TEST_HOST = "$(BUILT_PRODUCTS_DIR)/Nearby.app/Nearby";
			};
			name = Release;
		};
		408A27EF2576446C00EFD64F /* Debug */ = {
			isa = XCBuildConfiguration;
			buildSettings = {
				ALWAYS_EMBED_SWIFT_STANDARD_LIBRARIES = YES;
				CODE_SIGN_STYLE = Automatic;
				DEVELOPMENT_TEAM = NUK83GHVRZ;
				INFOPLIST_FILE = NearbyUITests/Info.plist;
				LD_RUNPATH_SEARCH_PATHS = (
					"$(inherited)",
					"@executable_path/Frameworks",
					"@loader_path/Frameworks",
				);
				PRODUCT_BUNDLE_IDENTIFIER = com.DuaaMahya.NearbyUITests;
				PRODUCT_NAME = "$(TARGET_NAME)";
				SWIFT_VERSION = 5.0;
				TARGETED_DEVICE_FAMILY = "1,2";
				TEST_TARGET_NAME = Nearby;
			};
			name = Debug;
		};
		408A27F02576446C00EFD64F /* Release */ = {
			isa = XCBuildConfiguration;
			buildSettings = {
				ALWAYS_EMBED_SWIFT_STANDARD_LIBRARIES = YES;
				CODE_SIGN_STYLE = Automatic;
				DEVELOPMENT_TEAM = NUK83GHVRZ;
				INFOPLIST_FILE = NearbyUITests/Info.plist;
				LD_RUNPATH_SEARCH_PATHS = (
					"$(inherited)",
					"@executable_path/Frameworks",
					"@loader_path/Frameworks",
				);
				PRODUCT_BUNDLE_IDENTIFIER = com.DuaaMahya.NearbyUITests;
				PRODUCT_NAME = "$(TARGET_NAME)";
				SWIFT_VERSION = 5.0;
				TARGETED_DEVICE_FAMILY = "1,2";
				TEST_TARGET_NAME = Nearby;
			};
			name = Release;
		};
/* End XCBuildConfiguration section */

/* Begin XCConfigurationList section */
		408A27B92576445000EFD64F /* Build configuration list for PBXProject "Nearby" */ = {
			isa = XCConfigurationList;
			buildConfigurations = (
				408A27E62576446C00EFD64F /* Debug */,
				408A27E72576446C00EFD64F /* Release */,
			);
			defaultConfigurationIsVisible = 0;
			defaultConfigurationName = Release;
		};
		408A27E82576446C00EFD64F /* Build configuration list for PBXNativeTarget "Nearby" */ = {
			isa = XCConfigurationList;
			buildConfigurations = (
				408A27E92576446C00EFD64F /* Debug */,
				408A27EA2576446C00EFD64F /* Release */,
			);
			defaultConfigurationIsVisible = 0;
			defaultConfigurationName = Release;
		};
		408A27EB2576446C00EFD64F /* Build configuration list for PBXNativeTarget "NearbyTests" */ = {
			isa = XCConfigurationList;
			buildConfigurations = (
				408A27EC2576446C00EFD64F /* Debug */,
				408A27ED2576446C00EFD64F /* Release */,
			);
			defaultConfigurationIsVisible = 0;
			defaultConfigurationName = Release;
		};
		408A27EE2576446C00EFD64F /* Build configuration list for PBXNativeTarget "NearbyUITests" */ = {
			isa = XCConfigurationList;
			buildConfigurations = (
				408A27EF2576446C00EFD64F /* Debug */,
				408A27F02576446C00EFD64F /* Release */,
			);
			defaultConfigurationIsVisible = 0;
			defaultConfigurationName = Release;
		};
/* End XCConfigurationList section */
	};
	rootObject = 408A27B62576445000EFD64F /* Project object */;
}
